// !$*UTF8*$!
{
	archiveVersion = 1;
	classes = {
	};
	objectVersion = 46;
	objects = {

/* Begin PBXBuildFile section */
		EE6223B71D3DBC1C00E1BCBA /* main.cpp in Sources */ = {isa = PBXBuildFile; fileRef = EE6223B61D3DBC1C00E1BCBA /* main.cpp */; };
/* End PBXBuildFile section */

/* Begin PBXCopyFilesBuildPhase section */
		EE6223B11D3DBC1C00E1BCBA /* CopyFiles */ = {
			isa = PBXCopyFilesBuildPhase;
			buildActionMask = 2147483647;
			dstPath = /usr/share/man/man1/;
			dstSubfolderSpec = 0;
			files = (
			);
			runOnlyForDeploymentPostprocessing = 1;
		};
/* End PBXCopyFilesBuildPhase section */

/* Begin PBXFileReference section */
		EE6223B31D3DBC1C00E1BCBA /* FindSumInTree */ = {isa = PBXFileReference; explicitFileType = "compiled.mach-o.executable"; includeInIndex = 0; path = FindSumInTree; sourceTree = BUILT_PRODUCTS_DIR; };
		EE6223B61D3DBC1C00E1BCBA /* main.cpp */ = {isa = PBXFileReference; lastKnownFileType = sourcecode.cpp.cpp; path = main.cpp; sourceTree = "<group>"; };
/* End PBXFileReference section */

/* Begin PBXFrameworksBuildPhase section */
		EE6223B01D3DBC1C00E1BCBA /* Frameworks */ = {
			isa = PBXFrameworksBuildPhase;
			buildActionMask = 2147483647;
			files = (
			);
			runOnlyForDeploymentPostprocessing = 0;
		};
/* End PBXFrameworksBuildPhase section */

/* Begin PBXGroup section */
		EE6223AA1D3DBC1C00E1BCBA = {
			isa = PBXGroup;
			children = (
				EE6223B51D3DBC1C00E1BCBA /* FindSumInTree */,
				EE6223B41D3DBC1C00E1BCBA /* Products */,
			);
			sourceTree = "<group>";
		};
		EE6223B41D3DBC1C00E1BCBA /* Products */ = {
			isa = PBXGroup;
			children = (
				EE6223B31D3DBC1C00E1BCBA /* FindSumInTree */,
			);
			name = Products;
			sourceTree = "<group>";
		};
		EE6223B51D3DBC1C00E1BCBA /* FindSumInTree */ = {
			isa = PBXGroup;
			children = (
				EE6223B61D3DBC1C00E1BCBA /* main.cpp */,
			);
			path = FindSumInTree;
			sourceTree = "<group>";
		};
/* End PBXGroup section */

/* Begin PBXNativeTarget section */
		EE6223B21D3DBC1C00E1BCBA /* FindSumInTree */ = {
			isa = PBXNativeTarget;
			buildConfigurationList = EE6223BA1D3DBC1C00E1BCBA /* Build configuration list for PBXNativeTarget "FindSumInTree" */;
			buildPhases = (
				EE6223AF1D3DBC1C00E1BCBA /* Sources */,
				EE6223B01D3DBC1C00E1BCBA /* Frameworks */,
				EE6223B11D3DBC1C00E1BCBA /* CopyFiles */,
			);
			buildRules = (
			);
			dependencies = (
			);
			name = FindSumInTree;
			productName = FindSumInTree;
			productReference = EE6223B31D3DBC1C00E1BCBA /* FindSumInTree */;
			productType = "com.apple.product-type.tool";
		};
/* End PBXNativeTarget section */

/* Begin PBXProject section */
		EE6223AB1D3DBC1C00E1BCBA /* Project object */ = {
			isa = PBXProject;
			attributes = {
				LastUpgradeCheck = 0800;
				ORGANIZATIONNAME = "Vayne-Lover";
				TargetAttributes = {
					EE6223B21D3DBC1C00E1BCBA = {
						CreatedOnToolsVersion = 8.0;
						DevelopmentTeam = Z6VKABTZJN;
						DevelopmentTeamName = "Jiangkuang Tong";
						ProvisioningStyle = Automatic;
					};
				};
			};
			buildConfigurationList = EE6223AE1D3DBC1C00E1BCBA /* Build configuration list for PBXProject "FindSumInTree" */;
			compatibilityVersion = "Xcode 3.2";
			developmentRegion = English;
			hasScannedForEncodings = 0;
			knownRegions = (
				en,
			);
			mainGroup = EE6223AA1D3DBC1C00E1BCBA;
			productRefGroup = EE6223B41D3DBC1C00E1BCBA /* Products */;
			projectDirPath = "";
			projectRoot = "";
			targets = (
				EE6223B21D3DBC1C00E1BCBA /* FindSumInTree */,
			);
		};
/* End PBXProject section */

/* Begin PBXSourcesBuildPhase section */
		EE6223AF1D3DBC1C00E1BCBA /* Sources */ = {
			isa = PBXSourcesBuildPhase;
			buildActionMask = 2147483647;
			files = (
				EE6223B71D3DBC1C00E1BCBA /* main.cpp in Sources */,
			);
			runOnlyForDeploymentPostprocessing = 0;
		};
/* End PBXSourcesBuildPhase section */

/* Begin XCBuildConfiguration section */
		EE6223B81D3DBC1C00E1BCBA /* Debug */ = {
			isa = XCBuildConfiguration;
			buildSettings = {
				ALWAYS_SEARCH_USER_PATHS = NO;
				CLANG_ANALYZER_NONNULL = YES;
				CLANG_CXX_LANGUAGE_STANDARD = "gnu++0x";
				CLANG_CXX_LIBRARY = "libc++";
				CLANG_ENABLE_MODULES = YES;
				CLANG_ENABLE_OBJC_ARC = YES;
				CLANG_WARN_BOOL_CONVERSION = YES;
				CLANG_WARN_CONSTANT_CONVERSION = YES;
				CLANG_WARN_DIRECT_OBJC_ISA_USAGE = YES_ERROR;
				CLANG_WARN_DOCUMENTATION_COMMENTS = YES;
				CLANG_WARN_EMPTY_BODY = YES;
				CLANG_WARN_ENUM_CONVERSION = YES;
				CLANG_WARN_INT_CONVERSION = YES;
				CLANG_WARN_OBJC_ROOT_CLASS = YES_ERROR;
				CLANG_WARN_UNREACHABLE_CODE = YES;
				CLANG_WARN__DUPLICATE_METHOD_MATCH = YES;
				CODE_SIGN_IDENTITY = "-";
				COPY_PHASE_STRIP = NO;
				DEBUG_INFORMATION_FORMAT = dwarf;
				ENABLE_STRICT_OBJC_MSGSEND = YES;
				ENABLE_TESTABILITY = YES;
				GCC_C_LANGUAGE_STANDARD = gnu99;
				GCC_DYNAMIC_NO_PIC = NO;
				GCC_NO_COMMON_BLOCKS = YES;
				GCC_OPTIMIZATION_LEVEL = 0;
				GCC_PREPROCESSOR_DEFINITIONS = (
					"DEBUG=1",
					"$(inherited)",
				);
				GCC_WARN_64_TO_32_BIT_CONVERSION = YES;
				GCC_WARN_ABOUT_RETURN_TYPE = YES_ERROR;
				GCC_WARN_UNDECLARED_SELECTOR = YES;
				GCC_WARN_UNINITIALIZED_AUTOS = YES_AGGRESSIVE;
				GCC_WARN_UNUSED_FUNCTION = YES;
				GCC_WARN_UNUSED_VARIABLE = YES;
				MACOSX_DEPLOYMENT_TARGET = 10.12;
				MTL_ENABLE_DEBUG_INFO = YES;
				ONLY_ACTIVE_ARCH = YES;
				SDKROOT = macosx;
			};
			name = Debug;
		};
		EE6223B91D3DBC1C00E1BCBA /* Release */ = {
			isa = XCBuildConfiguration;
			buildSettings = {
				ALWAYS_SEARCH_USER_PATHS = NO;
				CLANG_ANALYZER_NONNULL = YES;
				CLANG_CXX_LANGUAGE_STANDARD = "gnu++0x";
				CLANG_CXX_LIBRARY = "libc++";
				CLANG_ENABLE_MODULES = YES;
				CLANG_ENABLE_OBJC_ARC = YES;
				CLANG_WARN_BOOL_CONVERSION = YES;
				CLANG_WARN_CONSTANT_CONVERSION = YES;
				CLANG_WARN_DIRECT_OBJC_ISA_USAGE = YES_ERROR;
				CLANG_WARN_DOCUMENTATION_COMMENTS = YES;
				CLANG_WARN_EMPTY_BODY = YES;
				CLANG_WARN_ENUM_CONVERSION = YES;
				CLANG_WARN_INT_CONVERSION = YES;
				CLANG_WARN_OBJC_ROOT_CLASS = YES_ERROR;
				CLANG_WARN_UNREACHABLE_CODE = YES;
				CLANG_WARN__DUPLICATE_METHOD_MATCH = YES;
				CODE_SIGN_IDENTITY = "-";
				COPY_PHASE_STRIP = NO;
				DEBUG_INFORMATION_FORMAT = "dwarf-with-dsym";
				ENABLE_NS_ASSERTIONS = NO;
				ENABLE_STRICT_OBJC_MSGSEND = YES;
				GCC_C_LANGUAGE_STANDARD = gnu99;
				GCC_NO_COMMON_BLOCKS = YES;
				GCC_WARN_64_TO_32_BIT_CONVERSION = YES;
				GCC_WARN_ABOUT_RETURN_TYPE = YES_ERROR;
				GCC_WARN_UNDECLARED_SELECTOR = YES;
				GCC_WARN_UNINITIALIZED_AUTOS = YES_AGGRESSIVE;
				GCC_WARN_UNUSED_FUNCTION = YES;
				GCC_WARN_UNUSED_VARIABLE = YES;
				MACOSX_DEPLOYMENT_TARGET = 10.12;
				MTL_ENABLE_DEBUG_INFO = NO;
				SDKROOT = macosx;
			};
			name = Release;
		};
		EE6223BB1D3DBC1C00E1BCBA /* Debug */ = {
			isa = XCBuildConfiguration;
			buildSettings = {
				PRODUCT_NAME = "$(TARGET_NAME)";
			};
			name = Debug;
		};
		EE6223BC1D3DBC1C00E1BCBA /* Release */ = {
			isa = XCBuildConfiguration;
			buildSettings = {
				PRODUCT_NAME = "$(TARGET_NAME)";
			};
			name = Release;
		};
/* End XCBuildConfiguration section */

/* Begin XCConfigurationList section */
		EE6223AE1D3DBC1C00E1BCBA /* Build configuration list for PBXProject "FindSumInTree" */ = {
			isa = XCConfigurationList;
			buildConfigurations = (
				EE6223B81D3DBC1C00E1BCBA /* Debug */,
				EE6223B91D3DBC1C00E1BCBA /* Release */,
			);
			defaultConfigurationIsVisible = 0;
			defaultConfigurationName = Release;
		};
		EE6223BA1D3DBC1C00E1BCBA /* Build configuration list for PBXNativeTarget "FindSumInTree" */ = {
			isa = XCConfigurationList;
			buildConfigurations = (
				EE6223BB1D3DBC1C00E1BCBA /* Debug */,
				EE6223BC1D3DBC1C00E1BCBA /* Release */,
			);
			defaultConfigurationIsVisible = 0;
		};
/* End XCConfigurationList section */
	};
	rootObject = EE6223AB1D3DBC1C00E1BCBA /* Project object */;
}
